
Microsoft Visual Studio Solution File, Format Version 12.00
# Visual Studio 15
VisualStudioVersion = 15.0.28307.572
MinimumVisualStudioVersion = 10.0.40219.1
Project("{FAE04EC0-301F-11D3-BF4B-00C04F79EFBC}") = "MONKEY_PAGE", "MONKEY_PAGE\MONKEY_PAGE.csproj", "{883C7825-09A4-4084-B385-F6C3316272D8}"
EndProject
Global
	GlobalSection(SolutionConfigurationPlatforms) = preSolution
		Debug|Any CPU = Debug|Any CPU
		Release|Any CPU = Release|Any CPU
	EndGlobalSection
	GlobalSection(ProjectConfigurationPlatforms) = postSolution
		{883C7825-09A4-4084-B385-F6C3316272D8}.Debug|Any CPU.ActiveCfg = Debug|Any CPU
		{883C7825-09A4-4084-B385-F6C3316272D8}.Debug|Any CPU.Build.0 = Debug|Any CPU
		{883C7825-09A4-4084-B385-F6C3316272D8}.Release|Any CPU.ActiveCfg = Release|Any CPU
		{883C7825-09A4-4084-B385-F6C3316272D8}.Release|Any CPU.Build.0 = Release|Any CPU
	EndGlobalSection
	GlobalSection(SolutionProperties) = preSolution
		HideSolutionNode = FALSE
	EndGlobalSection
	GlobalSection(ExtensibilityGlobals) = postSolution
		SolutionGuid = {889E52B8-6A6E-407E-ADF4-C3DCDC7764F6}
	EndGlobalSection
EndGlobal
